
Microsoft Visual Studio Solution File, Format Version 12.00
# Visual Studio 14
VisualStudioVersion = 14.0.25420.1
MinimumVisualStudioVersion = 10.0.40219.1
Project("{8BC9CEB8-8B4A-11D0-8D11-00A0C91BC942}") = "CaptureServer", "CaptureServer\CaptureServer.vcxproj", "{678A7085-598C-4213-8B99-630A8E70D1DE}"
EndProject
Project("{8BC9CEB8-8B4A-11D0-8D11-00A0C91BC942}") = "ReconstructionClient", "ReconstructionClient\ReconstructionClient.vcxproj", "{2CF253D1-0725-4E85-B411-089D11D9EF1A}"
EndProject
Project("{8BC9CEB8-8B4A-11D0-8D11-00A0C91BC942}") = "NormalFromDepth", "NormalFromDepth\NormalFromDepth.vcxproj", "{392AB788-3621-47A1-9EEE-4C797BB2F8B0}"
EndProject
Project("{8BC9CEB8-8B4A-11D0-8D11-00A0C91BC942}") = "RecordFromTracker", "RecordFromTracker\RecordFromTracker.vcxproj", "{15772BD4-7B9A-4524-A084-615F29C6B096}"
EndProject
Global
	GlobalSection(SolutionConfigurationPlatforms) = preSolution
		CD_ROM|Any CPU = CD_ROM|Any CPU
		CD_ROM|Win32 = CD_ROM|Win32
		CD_ROM|x64 = CD_ROM|x64
		Debug|Any CPU = Debug|Any CPU
		Debug|Win32 = Debug|Win32
		Debug|x64 = Debug|x64
		DVD-5|Any CPU = DVD-5|Any CPU
		DVD-5|Win32 = DVD-5|Win32
		DVD-5|x64 = DVD-5|x64
		Release|Any CPU = Release|Any CPU
		Release|Win32 = Release|Win32
		Release|x64 = Release|x64
		SingleImage|Any CPU = SingleImage|Any CPU
		SingleImage|Win32 = SingleImage|Win32
		SingleImage|x64 = SingleImage|x64
	EndGlobalSection
	GlobalSection(ProjectConfigurationPlatforms) = postSolution
		{678A7085-598C-4213-8B99-630A8E70D1DE}.CD_ROM|Any CPU.ActiveCfg = Debug|Win32
		{678A7085-598C-4213-8B99-630A8E70D1DE}.CD_ROM|Any CPU.Build.0 = Debug|Win32
		{678A7085-598C-4213-8B99-630A8E70D1DE}.CD_ROM|Win32.ActiveCfg = Release|Win32
		{678A7085-598C-4213-8B99-630A8E70D1DE}.CD_ROM|Win32.Build.0 = Release|Win32
		{678A7085-598C-4213-8B99-630A8E70D1DE}.CD_ROM|x64.ActiveCfg = Debug|Win32
		{678A7085-598C-4213-8B99-630A8E70D1DE}.CD_ROM|x64.Build.0 = Debug|Win32
		{678A7085-598C-4213-8B99-630A8E70D1DE}.Debug|Any CPU.ActiveCfg = Debug|Win32
		{678A7085-598C-4213-8B99-630A8E70D1DE}.Debug|Win32.ActiveCfg = Debug|Win32
		{678A7085-598C-4213-8B99-630A8E70D1DE}.Debug|Win32.Build.0 = Debug|Win32
		{678A7085-598C-4213-8B99-630A8E70D1DE}.Debug|x64.ActiveCfg = Debug|Win32
		{678A7085-598C-4213-8B99-630A8E70D1DE}.DVD-5|Any CPU.ActiveCfg = Debug|Win32
		{678A7085-598C-4213-8B99-630A8E70D1DE}.DVD-5|Any CPU.Build.0 = Debug|Win32
		{678A7085-598C-4213-8B99-630A8E70D1DE}.DVD-5|Win32.ActiveCfg = Debug|Win32
		{678A7085-598C-4213-8B99-630A8E70D1DE}.DVD-5|Win32.Build.0 = Debug|Win32
		{678A7085-598C-4213-8B99-630A8E70D1DE}.DVD-5|x64.ActiveCfg = Debug|Win32
		{678A7085-598C-4213-8B99-630A8E70D1DE}.DVD-5|x64.Build.0 = Debug|Win32
		{678A7085-598C-4213-8B99-630A8E70D1DE}.Release|Any CPU.ActiveCfg = Release|Win32
		{678A7085-598C-4213-8B99-630A8E70D1DE}.Release|Win32.ActiveCfg = Release|Win32
		{678A7085-598C-4213-8B99-630A8E70D1DE}.Release|Win32.Build.0 = Release|Win32
		{678A7085-598C-4213-8B99-630A8E70D1DE}.Release|x64.ActiveCfg = Release|Win32
		{678A7085-598C-4213-8B99-630A8E70D1DE}.SingleImage|Any CPU.ActiveCfg = Debug|Win32
		{678A7085-598C-4213-8B99-630A8E70D1DE}.SingleImage|Any CPU.Build.0 = Debug|Win32
		{678A7085-598C-4213-8B99-630A8E70D1DE}.SingleImage|Win32.ActiveCfg = Release|Win32
		{678A7085-598C-4213-8B99-630A8E70D1DE}.SingleImage|Win32.Build.0 = Release|Win32
		{678A7085-598C-4213-8B99-630A8E70D1DE}.SingleImage|x64.ActiveCfg = Debug|Win32
		{678A7085-598C-4213-8B99-630A8E70D1DE}.SingleImage|x64.Build.0 = Debug|Win32
		{2CF253D1-0725-4E85-B411-089D11D9EF1A}.CD_ROM|Any CPU.ActiveCfg = Debug|Win32
		{2CF253D1-0725-4E85-B411-089D11D9EF1A}.CD_ROM|Any CPU.Build.0 = Debug|Win32
		{2CF253D1-0725-4E85-B411-089D11D9EF1A}.CD_ROM|Win32.ActiveCfg = Release|Win32
		{2CF253D1-0725-4E85-B411-089D11D9EF1A}.CD_ROM|Win32.Build.0 = Release|Win32
		{2CF253D1-0725-4E85-B411-089D11D9EF1A}.CD_ROM|x64.ActiveCfg = Debug|Win32
		{2CF253D1-0725-4E85-B411-089D11D9EF1A}.CD_ROM|x64.Build.0 = Debug|Win32
		{2CF253D1-0725-4E85-B411-089D11D9EF1A}.Debug|Any CPU.ActiveCfg = Debug|Win32
		{2CF253D1-0725-4E85-B411-089D11D9EF1A}.Debug|Win32.ActiveCfg = Debug|Win32
		{2CF253D1-0725-4E85-B411-089D11D9EF1A}.Debug|Win32.Build.0 = Debug|Win32
		{2CF253D1-0725-4E85-B411-089D11D9EF1A}.Debug|x64.ActiveCfg = Debug|Win32
		{2CF253D1-0725-4E85-B411-089D11D9EF1A}.DVD-5|Any CPU.ActiveCfg = Debug|Win32
		{2CF253D1-0725-4E85-B411-089D11D9EF1A}.DVD-5|Any CPU.Build.0 = Debug|Win32
		{2CF253D1-0725-4E85-B411-089D11D9EF1A}.DVD-5|Win32.ActiveCfg = Debug|Win32
		{2CF253D1-0725-4E85-B411-089D11D9EF1A}.DVD-5|Win32.Build.0 = Debug|Win32
		{2CF253D1-0725-4E85-B411-089D11D9EF1A}.DVD-5|x64.ActiveCfg = Debug|Win32
		{2CF253D1-0725-4E85-B411-089D11D9EF1A}.DVD-5|x64.Build.0 = Debug|Win32
		{2CF253D1-0725-4E85-B411-089D11D9EF1A}.Release|Any CPU.ActiveCfg = Release|Win32
		{2CF253D1-0725-4E85-B411-089D11D9EF1A}.Release|Win32.ActiveCfg = Release|Win32
		{2CF253D1-0725-4E85-B411-089D11D9EF1A}.Release|Win32.Build.0 = Release|Win32
		{2CF253D1-0725-4E85-B411-089D11D9EF1A}.Release|x64.ActiveCfg = Release|Win32
		{2CF253D1-0725-4E85-B411-089D11D9EF1A}.SingleImage|Any CPU.ActiveCfg = Debug|Win32
		{2CF253D1-0725-4E85-B411-089D11D9EF1A}.SingleImage|Any CPU.Build.0 = Debug|Win32
		{2CF253D1-0725-4E85-B411-089D11D9EF1A}.SingleImage|Win32.ActiveCfg = Release|Win32
		{2CF253D1-0725-4E85-B411-089D11D9EF1A}.SingleImage|Win32.Build.0 = Release|Win32
		{2CF253D1-0725-4E85-B411-089D11D9EF1A}.SingleImage|x64.ActiveCfg = Debug|Win32
		{2CF253D1-0725-4E85-B411-089D11D9EF1A}.SingleImage|x64.Build.0 = Debug|Win32
		{392AB788-3621-47A1-9EEE-4C797BB2F8B0}.CD_ROM|Any CPU.ActiveCfg = Debug|Win32
		{392AB788-3621-47A1-9EEE-4C797BB2F8B0}.CD_ROM|Any CPU.Build.0 = Debug|Win32
		{392AB788-3621-47A1-9EEE-4C797BB2F8B0}.CD_ROM|Win32.ActiveCfg = Release|Win32
		{392AB788-3621-47A1-9EEE-4C797BB2F8B0}.CD_ROM|Win32.Build.0 = Release|Win32
		{392AB788-3621-47A1-9EEE-4C797BB2F8B0}.CD_ROM|x64.ActiveCfg = Debug|Win32
		{392AB788-3621-47A1-9EEE-4C797BB2F8B0}.CD_ROM|x64.Build.0 = Debug|Win32
		{392AB788-3621-47A1-9EEE-4C797BB2F8B0}.Debug|Any CPU.ActiveCfg = Debug|Win32
		{392AB788-3621-47A1-9EEE-4C797BB2F8B0}.Debug|Win32.ActiveCfg = Debug|Win32
		{392AB788-3621-47A1-9EEE-4C797BB2F8B0}.Debug|Win32.Build.0 = Debug|Win32
		{392AB788-3621-47A1-9EEE-4C797BB2F8B0}.Debug|x64.ActiveCfg = Debug|Win32
		{392AB788-3621-47A1-9EEE-4C797BB2F8B0}.DVD-5|Any CPU.ActiveCfg = Debug|Win32
		{392AB788-3621-47A1-9EEE-4C797BB2F8B0}.DVD-5|Any CPU.Build.0 = Debug|Win32
		{392AB788-3621-47A1-9EEE-4C797BB2F8B0}.DVD-5|Win32.ActiveCfg = Debug|Win32
		{392AB788-3621-47A1-9EEE-4C797BB2F8B0}.DVD-5|Win32.Build.0 = Debug|Win32
		{392AB788-3621-47A1-9EEE-4C797BB2F8B0}.DVD-5|x64.ActiveCfg = Debug|Win32
		{392AB788-3621-47A1-9EEE-4C797BB2F8B0}.DVD-5|x64.Build.0 = Debug|Win32
		{392AB788-3621-47A1-9EEE-4C797BB2F8B0}.Release|Any CPU.ActiveCfg = Release|Win32
		{392AB788-3621-47A1-9EEE-4C797BB2F8B0}.Release|Win32.ActiveCfg = Release|Win32
		{392AB788-3621-47A1-9EEE-4C797BB2F8B0}.Release|Win32.Build.0 = Release|Win32
		{392AB788-3621-47A1-9EEE-4C797BB2F8B0}.Release|x64.ActiveCfg = Release|Win32
		{392AB788-3621-47A1-9EEE-4C797BB2F8B0}.SingleImage|Any CPU.ActiveCfg = Debug|Win32
		{392AB788-3621-47A1-9EEE-4C797BB2F8B0}.SingleImage|Any CPU.Build.0 = Debug|Win32
		{392AB788-3621-47A1-9EEE-4C797BB2F8B0}.SingleImage|Win32.ActiveCfg = Release|Win32
		{392AB788-3621-47A1-9EEE-4C797BB2F8B0}.SingleImage|Win32.Build.0 = Release|Win32
		{392AB788-3621-47A1-9EEE-4C797BB2F8B0}.SingleImage|x64.ActiveCfg = Debug|Win32
		{392AB788-3621-47A1-9EEE-4C797BB2F8B0}.SingleImage|x64.Build.0 = Debug|Win32
		{15772BD4-7B9A-4524-A084-615F29C6B096}.CD_ROM|Any CPU.ActiveCfg = Release|x64
		{15772BD4-7B9A-4524-A084-615F29C6B096}.CD_ROM|Any CPU.Build.0 = Release|x64
		{15772BD4-7B9A-4524-A084-615F29C6B096}.CD_ROM|Win32.ActiveCfg = Release|Win32
		{15772BD4-7B9A-4524-A084-615F29C6B096}.CD_ROM|Win32.Build.0 = Release|Win32
		{15772BD4-7B9A-4524-A084-615F29C6B096}.CD_ROM|x64.ActiveCfg = Release|x64
		{15772BD4-7B9A-4524-A084-615F29C6B096}.CD_ROM|x64.Build.0 = Release|x64
		{15772BD4-7B9A-4524-A084-615F29C6B096}.Debug|Any CPU.ActiveCfg = Debug|Win32
		{15772BD4-7B9A-4524-A084-615F29C6B096}.Debug|Win32.ActiveCfg = Debug|Win32
		{15772BD4-7B9A-4524-A084-615F29C6B096}.Debug|Win32.Build.0 = Debug|Win32
		{15772BD4-7B9A-4524-A084-615F29C6B096}.Debug|x64.ActiveCfg = Debug|x64
		{15772BD4-7B9A-4524-A084-615F29C6B096}.Debug|x64.Build.0 = Debug|x64
		{15772BD4-7B9A-4524-A084-615F29C6B096}.DVD-5|Any CPU.ActiveCfg = Release|x64
		{15772BD4-7B9A-4524-A084-615F29C6B096}.DVD-5|Any CPU.Build.0 = Release|x64
		{15772BD4-7B9A-4524-A084-615F29C6B096}.DVD-5|Win32.ActiveCfg = Debug|Win32
		{15772BD4-7B9A-4524-A084-615F29C6B096}.DVD-5|Win32.Build.0 = Debug|Win32
		{15772BD4-7B9A-4524-A084-615F29C6B096}.DVD-5|x64.ActiveCfg = Debug|x64
		{15772BD4-7B9A-4524-A084-615F29C6B096}.DVD-5|x64.Build.0 = Debug|x64
		{15772BD4-7B9A-4524-A084-615F29C6B096}.Release|Any CPU.ActiveCfg = Release|Win32
		{15772BD4-7B9A-4524-A084-615F29C6B096}.Release|Win32.ActiveCfg = Release|Win32
		{15772BD4-7B9A-4524-A084-615F29C6B096}.Release|Win32.Build.0 = Release|Win32
		{15772BD4-7B9A-4524-A084-615F29C6B096}.Release|x64.ActiveCfg = Release|x64
		{15772BD4-7B9A-4524-A084-615F29C6B096}.Release|x64.Build.0 = Release|x64
		{15772BD4-7B9A-4524-A084-615F29C6B096}.SingleImage|Any CPU.ActiveCfg = Release|x64
		{15772BD4-7B9A-4524-A084-615F29C6B096}.SingleImage|Any CPU.Build.0 = Release|x64
		{15772BD4-7B9A-4524-A084-615F29C6B096}.SingleImage|Win32.ActiveCfg = Release|Win32
		{15772BD4-7B9A-4524-A084-615F29C6B096}.SingleImage|Win32.Build.0 = Release|Win32
		{15772BD4-7B9A-4524-A084-615F29C6B096}.SingleImage|x64.ActiveCfg = Release|x64
		{15772BD4-7B9A-4524-A084-615F29C6B096}.SingleImage|x64.Build.0 = Release|x64
	EndGlobalSection
	GlobalSection(SolutionProperties) = preSolution
		HideSolutionNode = FALSE
	EndGlobalSection
EndGlobal
